github.com/antlr4-go/antlr/v4 v4.13.1 h1:SqQKkuVZ+zWkMMNkjy5FZe5mr5WURWnlpmOuzYWrPrQ=
github.com/antlr4-go/antlr/v4 v4.13.1/go.mod h1:GKmUxMtwp6ZgGwZSva4eWPC5mS6vUAmOABFgjdkM7Nw=
github.com/craftedsignal/kql-parser v0.4.3 h1:S2FtVUyqLwsaXpKstE1iaYUx3+ZrnWt1TlCqh5DqbgY=
github.com/craftedsignal/kql-parser v0.4.3/go.mod h1:RpYkgpfrJglvRwep11K+DIv/bltMHH1ZW27fA3mhs6I=
github.com/craftedsignal/leql-parser v0.7.1 h1:mRIu4abHr5nCJSEALtYf98VVJjxBsKeS/zBP+oP9EvA=
github.com/craftedsignal/leql-parser v0.7.1/go.mod h1:bNb+IwNaxUcW18TNPkYQV6tNwgsfKEKtHvgzhaqR8D8=
github.com/craftedsignal/sdk-go v1.1.0 h1:Nj2kThe9ArhaAxdYBGNFsGWw9KNhrk2MQf6siGBtHSk=
github.com/craftedsignal/sdk-go v1.1.0/go.mod h1:YnwWBxxy6IxPA8QsrBJ25zUc+eFMDjreU8vcaSHMi4g=
github.com/craftedsignal/spl-parser v0.9.4 h1:UDFFpjB0T/BMxrbJLQbRHpuuc3xHI7YwQ/CrGEwL+uA=
github.com/craftedsignal/spl-parser v0.9.4/go.mod h1:4p3m0KbSM5oOTlQJEmQZQokYFkOhpjSPaoBmMNdWXbc=
github.com/kr/pretty v0.3.1 h1:flRD4NNwYAUpkphVc1HcthR4KEIFJ65n8Mw5qdRn3LE=
github.com/kr/text v0.2.0 h1:5Nx0Ya0ZqY2ygV366QzturHI13Jq95ApcVaJBhpS+AY=
github.com/rogpeppe/go-internal v1.14.1 h1:UQB4HGPB6osV0SQTLymcB4TgvyWu6ZyliaW0tI/otEQ=
golang.org/x/exp v0.0.0-20260709172345-9ea1abe57597 h1:qLvzZeaANDgyVOA8pyHCOStGlXn0rseXma+GQjeuv2g=
gopkg.in/check.v1 v0.0.0-20161208181325-20d25e280405/go.mod h1:Co6ibVJAznAaIkqp8huTwlJQCZ016jof/cbN4VW5Yz0=
gopkg.in/check.v1 v1.0.0-20201130134442-10cb98267c6c h1:Hei/4ADfdWqJk1ZMxUNpqntNwaWcugrBjAiHlqqRiVk=
gopkg.in/yaml.v3 v3.0.1 h1:fxVm/GzAzEWqLHuvctI91KS9hhNmmWOoWu0XTYJS7CA=
gopkg.in/yaml.v3 v3.0.1/go.mod h1:K4uyk7z7BCEPqu6E+C64Yfv1cQ7kz7rIZviUmN+EgEM=
